{
  "version": 4,
  "terraform_version": "1.12.2",
  "serial": 12,
  "lineage": "93be6d29-b1d9-646a-b472-176d2f8f387d",
  "outputs": {
    "zoom_app_id": {
      "value": "0oattcrmmgwZFhvkb697",
      "type": "string"
    },
    "zoom_sso_url": {
      "value": "https://integrator-1067802.okta.com/app/zoomus/exkttbatpcZjwhMhp697/sso/saml",
      "type": "string"
    }
  },
  "resources": [
    {
      "mode": "managed",
      "type": "okta_app_group_assignment",
      "name": "zoom_assignment",
      "provider": "provider[\"registry.terraform.io/okta/okta\"]",
      "instances": [
        {
          "schema_version": 0,
          "attributes": {
            "app_id": "0oattcrmmgwZFhvkb697",
            "group_id": "00gttcmr92KlqUAZP697",
            "id": "00gttcmr92KlqUAZP697",
            "priority": 0,
            "profile": "{}",
            "retain_assignment": false,
            "timeouts": null
          },
          "sensitive_attributes": [],
          "identity_schema_version": 0,
          "private": "eyJlMmJmYjczMC1lY2FhLTExZTYtOGY4OC0zNDM2M2JjN2M0YzAiOnsiY3JlYXRlIjozNjAwMDAwMDAwMDAwLCJyZWFkIjozNjAwMDAwMDAwMDAwLCJ1cGRhdGUiOjM2MDAwMDAwMDAwMDB9fQ==",
          "dependencies": [
            "okta_app_saml.zoom"
          ]
        }
      ]
    },
    {
      "mode": "managed",
      "type": "okta_app_oauth",
      "name": "accounting_agent",
      "provider": "provider[\"registry.terraform.io/okta/okta\"]",
      "instances": [
        {
          "schema_version": 0,
          "attributes": {
            "accessibility_error_redirect_url": "",
            "accessibility_login_redirect_url": "",
            "accessibility_self_service": false,
            "admin_note": "",
            "app_links_json": "{\"oidc_client_link\":true}",
            "app_settings_json": "{}",
            "authentication_policy": "rsttoai5hmzy1GjWS697",
            "auto_key_rotation": true,
            "auto_submit_toolbar": false,
            "client_basic_secret": null,
            "client_id": "0oatt9cx5ocO9Rj8X697",
            "client_secret": "JW1q0QbZsGEJbdX_JCRV1J6HvypZA-51IQt2WBr-ihEpdlrGToNjb979M3YqYpkV",
            "client_uri": "http://localhost:3001",
            "consent_method": "TRUSTED",
            "enduser_note": "",
            "grant_types": [
              "authorization_code"
            ],
            "groups_claim": [],
            "hide_ios": true,
            "hide_web": true,
            "id": "0oatt9cx5ocO9Rj8X697",
            "implicit_assignment": false,
            "issuer_mode": "ORG_URL",
            "jwks": [],
            "jwks_uri": "",
            "label": "Accounting Agent",
            "login_mode": "DISABLED",
            "login_scopes": [],
            "login_uri": "",
            "logo": null,
            "logo_uri": "https://via.placeholder.com/150",
            "logo_url": "https://ok14static.oktacdn.com/assets/img/logos/default.6770228fb0dab49a1695ef440a5279bb.png",
            "name": "oidc_client",
            "omit_secret": false,
            "pkce_required": false,
            "policy_uri": "",
            "post_logout_redirect_uris": [],
            "profile": "",
            "redirect_uris": [
              "http://localhost:3001/callback"
            ],
            "refresh_token_leeway": 0,
            "refresh_token_rotation": "STATIC",
            "response_types": [
              "code"
            ],
            "sign_on_mode": "OPENID_CONNECT",
            "status": "ACTIVE",
            "timeouts": null,
            "token_endpoint_auth_method": "client_secret_basic",
            "tos_uri": "",
            "type": "web",
            "user_name_template": "${source.login}",
            "user_name_template_push_status": "",
            "user_name_template_suffix": "",
            "user_name_template_type": "BUILT_IN",
            "wildcard_redirect": "DISABLED"
          },
          "sensitive_attributes": [
            [
              {
                "type": "get_attr",
                "value": "client_basic_secret"
              }
            ],
            [
              {
                "type": "get_attr",
                "value": "client_secret"
              }
            ]
          ],
          "identity_schema_version": 0,
          "private": "eyJlMmJmYjczMC1lY2FhLTExZTYtOGY4OC0zNDM2M2JjN2M0YzAiOnsiY3JlYXRlIjozNjAwMDAwMDAwMDAwLCJyZWFkIjozNjAwMDAwMDAwMDAwLCJ1cGRhdGUiOjM2MDAwMDAwMDAwMDB9fQ=="
        }
      ]
    },
    {
      "mode": "managed",
      "type": "okta_app_oauth",
      "name": "poker_trivia_agent",
      "provider": "provider[\"registry.terraform.io/okta/okta\"]",
      "instances": [
        {
          "schema_version": 0,
          "attributes": {
            "accessibility_error_redirect_url": "",
            "accessibility_login_redirect_url": "",
            "accessibility_self_service": false,
            "admin_note": "",
            "app_links_json": "{\"oidc_client_link\":true}",
            "app_settings_json": "{}",
            "authentication_policy": "rsttoai5hmzy1GjWS697",
            "auto_key_rotation": true,
            "auto_submit_toolbar": false,
            "client_basic_secret": null,
            "client_id": "0oatt96w1szASOGoh697",
            "client_secret": "ai1zLLforYWvyH0NpbWroW7ILbu6wFZK9-VCS4TbdpAvf35HCCfAfVQagMMTKzjK",
            "client_uri": "http://localhost:3000",
            "consent_method": "TRUSTED",
            "enduser_note": "",
            "grant_types": [
              "authorization_code"
            ],
            "groups_claim": [],
            "hide_ios": true,
            "hide_web": true,
            "id": "0oatt96w1szASOGoh697",
            "implicit_assignment": false,
            "issuer_mode": "ORG_URL",
            "jwks": [],
            "jwks_uri": "",
            "label": "Poker Trivia Agent",
            "login_mode": "DISABLED",
            "login_scopes": [],
            "login_uri": "",
            "logo": null,
            "logo_uri": "https://via.placeholder.com/150",
            "logo_url": "https://ok14static.oktacdn.com/assets/img/logos/default.6770228fb0dab49a1695ef440a5279bb.png",
            "name": "oidc_client",
            "omit_secret": false,
            "pkce_required": false,
            "policy_uri": "",
            "post_logout_redirect_uris": [],
            "profile": "",
            "redirect_uris": [
              "http://localhost:3000/callback"
            ],
            "refresh_token_leeway": 0,
            "refresh_token_rotation": "STATIC",
            "response_types": [
              "code"
            ],
            "sign_on_mode": "OPENID_CONNECT",
            "status": "ACTIVE",
            "timeouts": null,
            "token_endpoint_auth_method": "client_secret_basic",
            "tos_uri": "",
            "type": "web",
            "user_name_template": "${source.login}",
            "user_name_template_push_status": "",
            "user_name_template_suffix": "",
            "user_name_template_type": "BUILT_IN",
            "wildcard_redirect": "DISABLED"
          },
          "sensitive_attributes": [
            [
              {
                "type": "get_attr",
                "value": "client_basic_secret"
              }
            ],
            [
              {
                "type": "get_attr",
                "value": "client_secret"
              }
            ]
          ],
          "identity_schema_version": 0,
          "private": "eyJlMmJmYjczMC1lY2FhLTExZTYtOGY4OC0zNDM2M2JjN2M0YzAiOnsiY3JlYXRlIjozNjAwMDAwMDAwMDAwLCJyZWFkIjozNjAwMDAwMDAwMDAwLCJ1cGRhdGUiOjM2MDAwMDAwMDAwMDB9fQ=="
        }
      ]
    },
    {
      "mode": "managed",
      "type": "okta_app_saml",
      "name": "zoom",
      "provider": "provider[\"registry.terraform.io/okta/okta\"]",
      "instances": [
        {
          "schema_version": 0,
          "attributes": {
            "accessibility_error_redirect_url": "",
            "accessibility_login_redirect_url": "",
            "accessibility_self_service": false,
            "acs_endpoints": null,
            "acs_endpoints_indices": [],
            "admin_note": "",
            "app_links_json": "{\"integrator-1067802_zoomsamlscimdemo_1_link\":true}",
            "app_settings_json": "{}",
            "assertion_signed": false,
            "attribute_statements": [
              {
                "filter_type": "",
                "filter_value": "",
                "name": "Email",
                "namespace": "urn:oasis:names:tc:SAML:2.0:attrname-format:unspecified",
                "type": "EXPRESSION",
                "values": [
                  "user.email"
                ]
              },
              {
                "filter_type": "",
                "filter_value": "",
                "name": "FirstName",
                "namespace": "urn:oasis:names:tc:SAML:2.0:attrname-format:unspecified",
                "type": "EXPRESSION",
                "values": [
                  "user.firstName"
                ]
              },
              {
                "filter_type": "",
                "filter_value": "",
                "name": "LastName",
                "namespace": "urn:oasis:names:tc:SAML:2.0:attrname-format:unspecified",
                "type": "EXPRESSION",
                "values": [
                  "user.lastName"
                ]
              }
            ],
            "audience": "https://zoom.us",
            "authentication_policy": "rsttoai5hmzy1GjWS697",
            "authn_context_class_ref": "urn:oasis:names:tc:SAML:2.0:ac:classes:PasswordProtectedTransport",
            "auto_submit_toolbar": false,
            "certificate": "MIIDtDCCApygAwIBAgIGAZhpjENRMA0GCSqGSIb3DQEBCwUAMIGaMQswCQYDVQQGEwJVUzETMBEG\nA1UECAwKQ2FsaWZvcm5pYTEWMBQGA1UEBwwNU2FuIEZyYW5jaXNjbzENMAsGA1UECgwET2t0YTEU\nMBIGA1UECwwLU1NPUHJvdmlkZXIxGzAZBgNVBAMMEmludGVncmF0b3ItMTA2NzgwMjEcMBoGCSqG\nSIb3DQEJARYNaW5mb0Bva3RhLmNvbTAeFw0yNTA4MDIwNjQ5NTZaFw0zNTA4MDIwNjUwNTZaMIGa\nMQswCQYDVQQGEwJVUzETMBEGA1UECAwKQ2FsaWZvcm5pYTEWMBQGA1UEBwwNU2FuIEZyYW5jaXNj\nbzENMAsGA1UECgwET2t0YTEUMBIGA1UECwwLU1NPUHJvdmlkZXIxGzAZBgNVBAMMEmludGVncmF0\nb3ItMTA2NzgwMjEcMBoGCSqGSIb3DQEJARYNaW5mb0Bva3RhLmNvbTCCASIwDQYJKoZIhvcNAQEB\nBQADggEPADCCAQoCggEBAL+iHMBdrkRY9EgXlfonsZI95te61jMM5QiCX8nBBplZOcohbekKRRrQ\nJ5VryLgj8wm5AXpun4IKYVvF7rwP8c6v2nHTar76ymQeUS3nMwKtpffkUlQ7M7R/oiKEwTnU+5cs\nxowOaOysEtj65EeBtV6mtVFBzMyxW63dzapKr7AvD+5UMiqyYWPehPs9AuPVUDUuHhnQHNq+TnIO\nZ1JgtBSv7e4uUawO6A+Y9Maw0asyYTlwyC16OhITejA0pihBxqDRvr+eMKdJH7DEGUpNIJU1XkBR\nhvCGOjxAmYIVAfNLcuG5Pdhj4pe/qJ19GuL8W1N/skk5hgRnqYykCyQaBU0CAwEAATANBgkqhkiG\n9w0BAQsFAAOCAQEAM4dKDWtN6IEVRMEYBe7Vj6rqnPBy8JW+9gtO/XjZauApQ4IwQnZ+wVLWSSRn\nYF66sZXCnCEZ4ZQQijX+5E8iXNvI/kdyqKmm3j0sI7mF3e5pB+727Cgx1cPqt1EArLNrjhs09ZYZ\n2YgAEH42zAPz8KG9hKxdd3EJqUh/tYQjXOwCtj6dnrPYjKbT8d5amqF3Odi5S+jUzh0i03x21z5U\nA8LaasXLzBCSxtFG3QX0MABG/uzcCPJjdz9JrF1Lm9bn5185qPgYz+Te+3M+Hio/3Qtp5FvyZJqX\niRHphGldQihVGL2iBip+iDwJedNQmq/0gEuzXIVZPSEd+sKUYTnDMw==",
            "default_relay_state": "",
            "destination": "https://zoom.us/saml/SSO",
            "digest_algorithm": "SHA256",
            "embed_url": "https://integrator-1067802.okta.com/home/integrator-1067802_zoomsamlscimdemo_1/0oattcrmmgwZFhvkb697/alnttcw4qcHZHyfmE697",
            "enduser_note": "",
            "entity_key": "exkttcrmmbujRBlU9697",
            "entity_url": "http://www.okta.com/exkttcrmmbujRBlU9697",
            "features": [],
            "hide_ios": false,
            "hide_web": false,
            "honor_force_authn": false,
            "http_post_binding": "https://integrator-1067802.okta.com/app/integrator-1067802_zoomsamlscimdemo_1/exkttcrmmbujRBlU9697/sso/saml",
            "http_redirect_binding": "https://integrator-1067802.okta.com/app/integrator-1067802_zoomsamlscimdemo_1/exkttcrmmbujRBlU9697/sso/saml",
            "id": "0oattcrmmgwZFhvkb697",
            "idp_issuer": "http://www.okta.com/${org.externalKey}",
            "implicit_assignment": false,
            "inline_hook_id": null,
            "key_id": "40scrrTvwjdh_FQRuFpArox6lmlmIlnvhts10KN1w9Y",
            "key_name": null,
            "key_years_valid": null,
            "keys": [
              {
                "created": "2025-08-02 06:50:56 +0000 UTC",
                "e": "AQAB",
                "expires_at": "2035-08-02 06:50:56 +0000 UTC",
                "kid": "40scrrTvwjdh_FQRuFpArox6lmlmIlnvhts10KN1w9Y",
                "kty": "RSA",
                "last_updated": "2025-08-02 06:50:56 +0000 UTC",
                "n": "v6IcwF2uRFj0SBeV-iexkj3m17rWMwzlCIJfycEGmVk5yiFt6QpFGtAnlWvIuCPzCbkBem6fggphW8XuvA_xzq_acdNqvvrKZB5RLeczAq2l9-RSVDsztH-iIoTBOdT7lyzGjA5o7KwS2PrkR4G1Xqa1UUHMzLFbrd3NqkqvsC8P7lQyKrJhY96E-z0C49VQNS4eGdAc2r5Ocg5nUmC0FK_t7i5RrA7oD5j0xrDRqzJhOXDILXo6EhN6MDSmKEHGoNG-v54wp0kfsMQZSk0glTVeQFGG8IY6PECZghUB80ty4bk92GPil7-onX0a4vxbU3-ySTmGBGepjKQLJBoFTQ",
                "use": "sig",
                "x5c": [
                  "MIIDtDCCApygAwIBAgIGAZhpjENRMA0GCSqGSIb3DQEBCwUAMIGaMQswCQYDVQQGEwJVUzETMBEGA1UECAwKQ2FsaWZvcm5pYTEWMBQGA1UEBwwNU2FuIEZyYW5jaXNjbzENMAsGA1UECgwET2t0YTEUMBIGA1UECwwLU1NPUHJvdmlkZXIxGzAZBgNVBAMMEmludGVncmF0b3ItMTA2NzgwMjEcMBoGCSqGSIb3DQEJARYNaW5mb0Bva3RhLmNvbTAeFw0yNTA4MDIwNjQ5NTZaFw0zNTA4MDIwNjUwNTZaMIGaMQswCQYDVQQGEwJVUzETMBEGA1UECAwKQ2FsaWZvcm5pYTEWMBQGA1UEBwwNU2FuIEZyYW5jaXNjbzENMAsGA1UECgwET2t0YTEUMBIGA1UECwwLU1NPUHJvdmlkZXIxGzAZBgNVBAMMEmludGVncmF0b3ItMTA2NzgwMjEcMBoGCSqGSIb3DQEJARYNaW5mb0Bva3RhLmNvbTCCASIwDQYJKoZIhvcNAQEBBQADggEPADCCAQoCggEBAL+iHMBdrkRY9EgXlfonsZI95te61jMM5QiCX8nBBplZOcohbekKRRrQJ5VryLgj8wm5AXpun4IKYVvF7rwP8c6v2nHTar76ymQeUS3nMwKtpffkUlQ7M7R/oiKEwTnU+5csxowOaOysEtj65EeBtV6mtVFBzMyxW63dzapKr7AvD+5UMiqyYWPehPs9AuPVUDUuHhnQHNq+TnIOZ1JgtBSv7e4uUawO6A+Y9Maw0asyYTlwyC16OhITejA0pihBxqDRvr+eMKdJH7DEGUpNIJU1XkBRhvCGOjxAmYIVAfNLcuG5Pdhj4pe/qJ19GuL8W1N/skk5hgRnqYykCyQaBU0CAwEAATANBgkqhkiG9w0BAQsFAAOCAQEAM4dKDWtN6IEVRMEYBe7Vj6rqnPBy8JW+9gtO/XjZauApQ4IwQnZ+wVLWSSRnYF66sZXCnCEZ4ZQQijX+5E8iXNvI/kdyqKmm3j0sI7mF3e5pB+727Cgx1cPqt1EArLNrjhs09ZYZ2YgAEH42zAPz8KG9hKxdd3EJqUh/tYQjXOwCtj6dnrPYjKbT8d5amqF3Odi5S+jUzh0i03x21z5UA8LaasXLzBCSxtFG3QX0MABG/uzcCPJjdz9JrF1Lm9bn5185qPgYz+Te+3M+Hio/3Qtp5FvyZJqXiRHphGldQihVGL2iBip+iDwJedNQmq/0gEuzXIVZPSEd+sKUYTnDMw=="
                ],
                "x5t_s256": "6Eapu6i0LdLYQU2sfCpacLFQ_cclATMoSeiyW3gKfVU"
              }
            ],
            "label": "Zoom SAML SCIM Demo",
            "logo": null,
            "logo_url": "https://ok14static.oktacdn.com/assets/img/logos/default.6770228fb0dab49a1695ef440a5279bb.png",
            "metadata": "\u003c?xml version=\"1.0\" encoding=\"UTF-8\"?\u003e\u003cmd:EntityDescriptor entityID=\"http://www.okta.com/exkttcrmmbujRBlU9697\" xmlns:md=\"urn:oasis:names:tc:SAML:2.0:metadata\"\u003e\u003cmd:IDPSSODescriptor WantAuthnRequestsSigned=\"false\" protocolSupportEnumeration=\"urn:oasis:names:tc:SAML:2.0:protocol\"\u003e\u003cmd:KeyDescriptor use=\"signing\"\u003e\u003cds:KeyInfo xmlns:ds=\"http://www.w3.org/2000/09/xmldsig#\"\u003e\u003cds:X509Data\u003e\u003cds:X509Certificate\u003eMIIDtDCCApygAwIBAgIGAZhpjENRMA0GCSqGSIb3DQEBCwUAMIGaMQswCQYDVQQGEwJVUzETMBEG\nA1UECAwKQ2FsaWZvcm5pYTEWMBQGA1UEBwwNU2FuIEZyYW5jaXNjbzENMAsGA1UECgwET2t0YTEU\nMBIGA1UECwwLU1NPUHJvdmlkZXIxGzAZBgNVBAMMEmludGVncmF0b3ItMTA2NzgwMjEcMBoGCSqG\nSIb3DQEJARYNaW5mb0Bva3RhLmNvbTAeFw0yNTA4MDIwNjQ5NTZaFw0zNTA4MDIwNjUwNTZaMIGa\nMQswCQYDVQQGEwJVUzETMBEGA1UECAwKQ2FsaWZvcm5pYTEWMBQGA1UEBwwNU2FuIEZyYW5jaXNj\nbzENMAsGA1UECgwET2t0YTEUMBIGA1UECwwLU1NPUHJvdmlkZXIxGzAZBgNVBAMMEmludGVncmF0\nb3ItMTA2NzgwMjEcMBoGCSqGSIb3DQEJARYNaW5mb0Bva3RhLmNvbTCCASIwDQYJKoZIhvcNAQEB\nBQADggEPADCCAQoCggEBAL+iHMBdrkRY9EgXlfonsZI95te61jMM5QiCX8nBBplZOcohbekKRRrQ\nJ5VryLgj8wm5AXpun4IKYVvF7rwP8c6v2nHTar76ymQeUS3nMwKtpffkUlQ7M7R/oiKEwTnU+5cs\nxowOaOysEtj65EeBtV6mtVFBzMyxW63dzapKr7AvD+5UMiqyYWPehPs9AuPVUDUuHhnQHNq+TnIO\nZ1JgtBSv7e4uUawO6A+Y9Maw0asyYTlwyC16OhITejA0pihBxqDRvr+eMKdJH7DEGUpNIJU1XkBR\nhvCGOjxAmYIVAfNLcuG5Pdhj4pe/qJ19GuL8W1N/skk5hgRnqYykCyQaBU0CAwEAATANBgkqhkiG\n9w0BAQsFAAOCAQEAM4dKDWtN6IEVRMEYBe7Vj6rqnPBy8JW+9gtO/XjZauApQ4IwQnZ+wVLWSSRn\nYF66sZXCnCEZ4ZQQijX+5E8iXNvI/kdyqKmm3j0sI7mF3e5pB+727Cgx1cPqt1EArLNrjhs09ZYZ\n2YgAEH42zAPz8KG9hKxdd3EJqUh/tYQjXOwCtj6dnrPYjKbT8d5amqF3Odi5S+jUzh0i03x21z5U\nA8LaasXLzBCSxtFG3QX0MABG/uzcCPJjdz9JrF1Lm9bn5185qPgYz+Te+3M+Hio/3Qtp5FvyZJqX\niRHphGldQihVGL2iBip+iDwJedNQmq/0gEuzXIVZPSEd+sKUYTnDMw==\u003c/ds:X509Certificate\u003e\u003c/ds:X509Data\u003e\u003c/ds:KeyInfo\u003e\u003c/md:KeyDescriptor\u003e\u003cmd:NameIDFormat\u003eurn:oasis:names:tc:SAML:1.1:nameid-format:emailAddress\u003c/md:NameIDFormat\u003e\u003cmd:SingleSignOnService Binding=\"urn:oasis:names:tc:SAML:2.0:bindings:HTTP-POST\" Location=\"https://integrator-1067802.okta.com/app/integrator-1067802_zoomsamlscimdemo_1/exkttcrmmbujRBlU9697/sso/saml\"/\u003e\u003cmd:SingleSignOnService Binding=\"urn:oasis:names:tc:SAML:2.0:bindings:HTTP-Redirect\" Location=\"https://integrator-1067802.okta.com/app/integrator-1067802_zoomsamlscimdemo_1/exkttcrmmbujRBlU9697/sso/saml\"/\u003e\u003c/md:IDPSSODescriptor\u003e\u003c/md:EntityDescriptor\u003e",
            "metadata_url": "https://integrator-1067802.okta.com/api/v1/apps/0oattcrmmgwZFhvkb697/sso/saml/metadata",
            "name": "integrator-1067802_zoomsamlscimdemo_1",
            "preconfigured_app": "integrator-1067802_zoomsamlscimdemo_1",
            "recipient": "https://zoom.us/saml/SSO",
            "request_compressed": null,
            "response_signed": true,
            "saml_signed_request_enabled": false,
            "saml_version": "2.0",
            "sign_on_mode": "SAML_2_0",
            "signature_algorithm": "RSA_SHA256",
            "single_logout_certificate": null,
            "single_logout_issuer": null,
            "single_logout_url": null,
            "sp_issuer": null,
            "sso_url": "https://integrator-1067802.okta.com/app/zoomus/exkttbatpcZjwhMhp697/sso/saml",
            "status": "ACTIVE",
            "subject_name_id_format": "urn:oasis:names:tc:SAML:1.1:nameid-format:emailAddress",
            "subject_name_id_template": "user.email",
            "timeouts": null,
            "user_name_template": "${source.login}",
            "user_name_template_push_status": "",
            "user_name_template_suffix": "",
            "user_name_template_type": "BUILT_IN"
          },
          "sensitive_attributes": [],
          "identity_schema_version": 0,
          "private": "eyJlMmJmYjczMC1lY2FhLTExZTYtOGY4OC0zNDM2M2JjN2M0YzAiOnsiY3JlYXRlIjozNjAwMDAwMDAwMDAwLCJyZWFkIjozNjAwMDAwMDAwMDAwLCJ1cGRhdGUiOjM2MDAwMDAwMDAwMDB9fQ=="
        }
      ]
    }
  ],
  "check_results": null
}
